
Microsoft Visual Studio Solution File, Format Version 12.00
Project("{FAE04EC0-301F-11D3-BF4B-00C04F79EFBC}") = "TooliRent.WebAPI", "TooliRent.WebAPI\TooliRent.WebAPI.csproj", "{58086989-B672-4647-8A35-C3C667C4DC5D}"
EndProject
Project("{FAE04EC0-301F-11D3-BF4B-00C04F79EFBC}") = "TooliRent.Core", "TooliRent.Core\TooliRent.Core.csproj", "{1EBC7FFF-5641-4A6E-8587-9BDBF5AE7C09}"
EndProject
Project("{FAE04EC0-301F-11D3-BF4B-00C04F79EFBC}") = "TooliRent.Infrastrucure", "TooliRent.Infrastrucure\TooliRent.Infrastrucure.csproj", "{B2618778-661E-41E3-8807-BCF8345D61C9}"
EndProject
Project("{FAE04EC0-301F-11D3-BF4B-00C04F79EFBC}") = "TooliRent.Services", "TooliRent.Services\TooliRent.Services.csproj", "{A11A50B7-71D4-4157-8A3F-533E25D15959}"
EndProject
Global
	GlobalSection(SolutionConfigurationPlatforms) = preSolution
		Debug|Any CPU = Debug|Any CPU
		Release|Any CPU = Release|Any CPU
	EndGlobalSection
	GlobalSection(ProjectConfigurationPlatforms) = postSolution
		{58086989-B672-4647-8A35-C3C667C4DC5D}.Debug|Any CPU.ActiveCfg = Debug|Any CPU
		{58086989-B672-4647-8A35-C3C667C4DC5D}.Debug|Any CPU.Build.0 = Debug|Any CPU
		{58086989-B672-4647-8A35-C3C667C4DC5D}.Release|Any CPU.ActiveCfg = Release|Any CPU
		{58086989-B672-4647-8A35-C3C667C4DC5D}.Release|Any CPU.Build.0 = Release|Any CPU
		{1EBC7FFF-5641-4A6E-8587-9BDBF5AE7C09}.Debug|Any CPU.ActiveCfg = Debug|Any CPU
		{1EBC7FFF-5641-4A6E-8587-9BDBF5AE7C09}.Debug|Any CPU.Build.0 = Debug|Any CPU
		{1EBC7FFF-5641-4A6E-8587-9BDBF5AE7C09}.Release|Any CPU.ActiveCfg = Release|Any CPU
		{1EBC7FFF-5641-4A6E-8587-9BDBF5AE7C09}.Release|Any CPU.Build.0 = Release|Any CPU
		{B2618778-661E-41E3-8807-BCF8345D61C9}.Debug|Any CPU.ActiveCfg = Debug|Any CPU
		{B2618778-661E-41E3-8807-BCF8345D61C9}.Debug|Any CPU.Build.0 = Debug|Any CPU
		{B2618778-661E-41E3-8807-BCF8345D61C9}.Release|Any CPU.ActiveCfg = Release|Any CPU
		{B2618778-661E-41E3-8807-BCF8345D61C9}.Release|Any CPU.Build.0 = Release|Any CPU
		{A11A50B7-71D4-4157-8A3F-533E25D15959}.Debug|Any CPU.ActiveCfg = Debug|Any CPU
		{A11A50B7-71D4-4157-8A3F-533E25D15959}.Debug|Any CPU.Build.0 = Debug|Any CPU
		{A11A50B7-71D4-4157-8A3F-533E25D15959}.Release|Any CPU.ActiveCfg = Release|Any CPU
		{A11A50B7-71D4-4157-8A3F-533E25D15959}.Release|Any CPU.Build.0 = Release|Any CPU
	EndGlobalSection
EndGlobal
